
Microsoft Visual Studio Solution File, Format Version 12.00
# Visual Studio 14
VisualStudioVersion = 14.0.25420.1
MinimumVisualStudioVersion = 10.0.40219.1
Project("{2150E333-8FDC-42A3-9474-1A3956D46DE8}") = "src", "src", "{114DE3B2-1E60-48B7-8522-26C0D604A367}"
EndProject
Project("{2150E333-8FDC-42A3-9474-1A3956D46DE8}") = "Solution Items", "Solution Items", "{4E30EE22-1C36-462F-AB9D-2A6EAD43D4DC}"
	ProjectSection(SolutionItems) = preProject
		global.json = global.json
	EndProjectSection
EndProject
Project("{8BB2217D-0F2D-49D1-97BC-3654ED321F3B}") = "CatFactory.DotNetCore", "src\CatFactory.DotNetCore\CatFactory.DotNetCore.xproj", "{FD915D95-85CF-499D-991D-4FB1F75957E8}"
EndProject
Project("{2150E333-8FDC-42A3-9474-1A3956D46DE8}") = "test", "test", "{82FAF261-2F0B-466A-B2EE-667F4645DE24}"
EndProject
Project("{8BB2217D-0F2D-49D1-97BC-3654ED321F3B}") = "CatFactory.DotNetCore.Tests", "test\CatFactory.DotNetCore.Tests\CatFactory.DotNetCore.Tests.xproj", "{FE40F2A7-7030-4B5E-B97A-6CDB3F995ADD}"
EndProject
Global
	GlobalSection(SolutionConfigurationPlatforms) = preSolution
		Debug|Any CPU = Debug|Any CPU
		Release|Any CPU = Release|Any CPU
	EndGlobalSection
	GlobalSection(ProjectConfigurationPlatforms) = postSolution
		{FD915D95-85CF-499D-991D-4FB1F75957E8}.Debug|Any CPU.ActiveCfg = Debug|Any CPU
		{FD915D95-85CF-499D-991D-4FB1F75957E8}.Debug|Any CPU.Build.0 = Debug|Any CPU
		{FD915D95-85CF-499D-991D-4FB1F75957E8}.Release|Any CPU.ActiveCfg = Release|Any CPU
		{FD915D95-85CF-499D-991D-4FB1F75957E8}.Release|Any CPU.Build.0 = Release|Any CPU
		{FE40F2A7-7030-4B5E-B97A-6CDB3F995ADD}.Debug|Any CPU.ActiveCfg = Debug|Any CPU
		{FE40F2A7-7030-4B5E-B97A-6CDB3F995ADD}.Debug|Any CPU.Build.0 = Debug|Any CPU
		{FE40F2A7-7030-4B5E-B97A-6CDB3F995ADD}.Release|Any CPU.ActiveCfg = Release|Any CPU
		{FE40F2A7-7030-4B5E-B97A-6CDB3F995ADD}.Release|Any CPU.Build.0 = Release|Any CPU
	EndGlobalSection
	GlobalSection(SolutionProperties) = preSolution
		HideSolutionNode = FALSE
	EndGlobalSection
	GlobalSection(NestedProjects) = preSolution
		{FD915D95-85CF-499D-991D-4FB1F75957E8} = {114DE3B2-1E60-48B7-8522-26C0D604A367}
		{FE40F2A7-7030-4B5E-B97A-6CDB3F995ADD} = {82FAF261-2F0B-466A-B2EE-667F4645DE24}
	EndGlobalSection
EndGlobal
